
Microsoft Visual Studio Solution File, Format Version 12.00
# Visual Studio 15
VisualStudioVersion = 15.0.27703.2035
MinimumVisualStudioVersion = 10.0.40219.1
Project("{FAE04EC0-301F-11D3-BF4B-00C04F79EFBC}") = "Lyrics", "Lyrics\Lyrics.csproj", "{0239EB5C-B3A2-4675-A5E4-4D2A0327D1CF}"
EndProject
Global
	GlobalSection(SolutionConfigurationPlatforms) = preSolution
		Debug|Any CPU = Debug|Any CPU
		Release|Any CPU = Release|Any CPU
	EndGlobalSection
	GlobalSection(ProjectConfigurationPlatforms) = postSolution
		{0239EB5C-B3A2-4675-A5E4-4D2A0327D1CF}.Debug|Any CPU.ActiveCfg = Debug|Any CPU
		{0239EB5C-B3A2-4675-A5E4-4D2A0327D1CF}.Debug|Any CPU.Build.0 = Debug|Any CPU
		{0239EB5C-B3A2-4675-A5E4-4D2A0327D1CF}.Release|Any CPU.ActiveCfg = Release|Any CPU
		{0239EB5C-B3A2-4675-A5E4-4D2A0327D1CF}.Release|Any CPU.Build.0 = Release|Any CPU
	EndGlobalSection
	GlobalSection(SolutionProperties) = preSolution
		HideSolutionNode = FALSE
	EndGlobalSection
	GlobalSection(ExtensibilityGlobals) = postSolution
		SolutionGuid = {CFE7A689-D588-49E5-8C88-B493D16E82CA}
	EndGlobalSection
EndGlobal
